// !$*UTF8*$!
{
	archiveVersion = 1;
	classes = {
	};
	objectVersion = 46;
	objects = {

/* Begin PBXBuildFile section */
		E2D198ED16817E5C00870E45 /* UIKit.framework in Frameworks */ = {isa = PBXBuildFile; fileRef = E2D198EC16817E5C00870E45 /* UIKit.framework */; };
		E2D198EF16817E5C00870E45 /* Foundation.framework in Frameworks */ = {isa = PBXBuildFile; fileRef = E2D198EE16817E5C00870E45 /* Foundation.framework */; };
		E2D198F116817E5C00870E45 /* CoreGraphics.framework in Frameworks */ = {isa = PBXBuildFile; fileRef = E2D198F016817E5C00870E45 /* CoreGraphics.framework */; };
		E2D198F316817E5C00870E45 /* CoreData.framework in Frameworks */ = {isa = PBXBuildFile; fileRef = E2D198F216817E5C00870E45 /* CoreData.framework */; };
		E2D198F916817E5C00870E45 /* InfoPlist.strings in Resources */ = {isa = PBXBuildFile; fileRef = E2D198F716817E5C00870E45 /* InfoPlist.strings */; };
		E2D198FB16817E5C00870E45 /* main.m in Sources */ = {isa = PBXBuildFile; fileRef = E2D198FA16817E5C00870E45 /* main.m */; };
		E2D198FF16817E5D00870E45 /* GBAppDelegate.m in Sources */ = {isa = PBXBuildFile; fileRef = E2D198FE16817E5D00870E45 /* GBAppDelegate.m */; };
		E2D1990116817E5D00870E45 /* Default.png in Resources */ = {isa = PBXBuildFile; fileRef = E2D1990016817E5D00870E45 /* Default.png */; };
		E2D1990316817E5D00870E45 /* Default@2x.png in Resources */ = {isa = PBXBuildFile; fileRef = E2D1990216817E5D00870E45 /* Default@2x.png */; };
		E2D1990516817E5D00870E45 /* Default-568h@2x.png in Resources */ = {isa = PBXBuildFile; fileRef = E2D1990416817E5D00870E45 /* Default-568h@2x.png */; };
		E2D1990816817E5D00870E45 /* gleebox.xcdatamodeld in Sources */ = {isa = PBXBuildFile; fileRef = E2D1990616817E5D00870E45 /* gleebox.xcdatamodeld */; };
		E2D1991016817E5D00870E45 /* SenTestingKit.framework in Frameworks */ = {isa = PBXBuildFile; fileRef = E2D1990F16817E5D00870E45 /* SenTestingKit.framework */; };
		E2D1991116817E5D00870E45 /* UIKit.framework in Frameworks */ = {isa = PBXBuildFile; fileRef = E2D198EC16817E5C00870E45 /* UIKit.framework */; };
		E2D1991216817E5D00870E45 /* Foundation.framework in Frameworks */ = {isa = PBXBuildFile; fileRef = E2D198EE16817E5C00870E45 /* Foundation.framework */; };
		E2D1991316817E5D00870E45 /* CoreData.framework in Frameworks */ = {isa = PBXBuildFile; fileRef = E2D198F216817E5C00870E45 /* CoreData.framework */; };
		E2D1991B16817E5D00870E45 /* InfoPlist.strings in Resources */ = {isa = PBXBuildFile; fileRef = E2D1991916817E5D00870E45 /* InfoPlist.strings */; };
		E2D1991E16817E5D00870E45 /* gleeboxTests.m in Sources */ = {isa = PBXBuildFile; fileRef = E2D1991D16817E5D00870E45 /* gleeboxTests.m */; };
/* End PBXBuildFile section */

/* Begin PBXContainerItemProxy section */
		E2D1991416817E5D00870E45 /* PBXContainerItemProxy */ = {
			isa = PBXContainerItemProxy;
			containerPortal = E2D198DF16817E5C00870E45 /* Project object */;
			proxyType = 1;
			remoteGlobalIDString = E2D198E716817E5C00870E45;
			remoteInfo = gleebox;
		};
/* End PBXContainerItemProxy section */

/* Begin PBXFileReference section */
		E2D198E816817E5C00870E45 /* gleebox.app */ = {isa = PBXFileReference; explicitFileType = wrapper.application; includeInIndex = 0; path = gleebox.app; sourceTree = BUILT_PRODUCTS_DIR; };
		E2D198EC16817E5C00870E45 /* UIKit.framework */ = {isa = PBXFileReference; lastKnownFileType = wrapper.framework; name = UIKit.framework; path = System/Library/Frameworks/UIKit.framework; sourceTree = SDKROOT; };
		E2D198EE16817E5C00870E45 /* Foundation.framework */ = {isa = PBXFileReference; lastKnownFileType = wrapper.framework; name = Foundation.framework; path = System/Library/Frameworks/Foundation.framework; sourceTree = SDKROOT; };
		E2D198F016817E5C00870E45 /* CoreGraphics.framework */ = {isa = PBXFileReference; lastKnownFileType = wrapper.framework; name = CoreGraphics.framework; path = System/Library/Frameworks/CoreGraphics.framework; sourceTree = SDKROOT; };
		E2D198F216817E5C00870E45 /* CoreData.framework */ = {isa = PBXFileReference; lastKnownFileType = wrapper.framework; name = CoreData.framework; path = System/Library/Frameworks/CoreData.framework; sourceTree = SDKROOT; };
		E2D198F616817E5C00870E45 /* gleebox-Info.plist */ = {isa = PBXFileReference; lastKnownFileType = text.plist.xml; path = "gleebox-Info.plist"; sourceTree = "<group>"; };
		E2D198F816817E5C00870E45 /* en */ = {isa = PBXFileReference; lastKnownFileType = text.plist.strings; name = en; path = en.lproj/InfoPlist.strings; sourceTree = "<group>"; };
		E2D198FA16817E5C00870E45 /* main.m */ = {isa = PBXFileReference; lastKnownFileType = sourcecode.c.objc; path = main.m; sourceTree = "<group>"; };
		E2D198FC16817E5C00870E45 /* gleebox-Prefix.pch */ = {isa = PBXFileReference; lastKnownFileType = sourcecode.c.h; path = "gleebox-Prefix.pch"; sourceTree = "<group>"; };
		E2D198FD16817E5C00870E45 /* GBAppDelegate.h */ = {isa = PBXFileReference; lastKnownFileType = sourcecode.c.h; path = GBAppDelegate.h; sourceTree = "<group>"; };
		E2D198FE16817E5D00870E45 /* GBAppDelegate.m */ = {isa = PBXFileReference; lastKnownFileType = sourcecode.c.objc; path = GBAppDelegate.m; sourceTree = "<group>"; };
		E2D1990016817E5D00870E45 /* Default.png */ = {isa = PBXFileReference; lastKnownFileType = image.png; path = Default.png; sourceTree = "<group>"; };
		E2D1990216817E5D00870E45 /* Default@2x.png */ = {isa = PBXFileReference; lastKnownFileType = image.png; path = "Default@2x.png"; sourceTree = "<group>"; };
		E2D1990416817E5D00870E45 /* Default-568h@2x.png */ = {isa = PBXFileReference; lastKnownFileType = image.png; path = "Default-568h@2x.png"; sourceTree = "<group>"; };
		E2D1990716817E5D00870E45 /* gleebox.xcdatamodel */ = {isa = PBXFileReference; lastKnownFileType = wrapper.xcdatamodel; path = gleebox.xcdatamodel; sourceTree = "<group>"; };
		E2D1990E16817E5D00870E45 /* gleeboxTests.octest */ = {isa = PBXFileReference; explicitFileType = wrapper.cfbundle; includeInIndex = 0; path = gleeboxTests.octest; sourceTree = BUILT_PRODUCTS_DIR; };
		E2D1990F16817E5D00870E45 /* SenTestingKit.framework */ = {isa = PBXFileReference; lastKnownFileType = wrapper.framework; name = SenTestingKit.framework; path = Library/Frameworks/SenTestingKit.framework; sourceTree = DEVELOPER_DIR; };
		E2D1991816817E5D00870E45 /* gleeboxTests-Info.plist */ = {isa = PBXFileReference; lastKnownFileType = text.plist.xml; path = "gleeboxTests-Info.plist"; sourceTree = "<group>"; };
		E2D1991A16817E5D00870E45 /* en */ = {isa = PBXFileReference; lastKnownFileType = text.plist.strings; name = en; path = en.lproj/InfoPlist.strings; sourceTree = "<group>"; };
		E2D1991C16817E5D00870E45 /* gleeboxTests.h */ = {isa = PBXFileReference; lastKnownFileType = sourcecode.c.h; path = gleeboxTests.h; sourceTree = "<group>"; };
		E2D1991D16817E5D00870E45 /* gleeboxTests.m */ = {isa = PBXFileReference; lastKnownFileType = sourcecode.c.objc; path = gleeboxTests.m; sourceTree = "<group>"; };
/* End PBXFileReference section */

/* Begin PBXFrameworksBuildPhase section */
		E2D198E516817E5C00870E45 /* Frameworks */ = {
			isa = PBXFrameworksBuildPhase;
			buildActionMask = 2147483647;
			files = (
				E2D198ED16817E5C00870E45 /* UIKit.framework in Frameworks */,
				E2D198EF16817E5C00870E45 /* Foundation.framework in Frameworks */,
				E2D198F116817E5C00870E45 /* CoreGraphics.framework in Frameworks */,
				E2D198F316817E5C00870E45 /* CoreData.framework in Frameworks */,
			);
			runOnlyForDeploymentPostprocessing = 0;
		};
		E2D1990A16817E5D00870E45 /* Frameworks */ = {
			isa = PBXFrameworksBuildPhase;
			buildActionMask = 2147483647;
			files = (
				E2D1991016817E5D00870E45 /* SenTestingKit.framework in Frameworks */,
				E2D1991116817E5D00870E45 /* UIKit.framework in Frameworks */,
				E2D1991216817E5D00870E45 /* Foundation.framework in Frameworks */,
				E2D1991316817E5D00870E45 /* CoreData.framework in Frameworks */,
			);
			runOnlyForDeploymentPostprocessing = 0;
		};
/* End PBXFrameworksBuildPhase section */

/* Begin PBXGroup section */
		E2D198DD16817E5C00870E45 = {
			isa = PBXGroup;
			children = (
				E2D198F416817E5C00870E45 /* gleebox */,
				E2D1991616817E5D00870E45 /* gleeboxTests */,
				E2D198EB16817E5C00870E45 /* Frameworks */,
				E2D198E916817E5C00870E45 /* Products */,
			);
			sourceTree = "<group>";
		};
		E2D198E916817E5C00870E45 /* Products */ = {
			isa = PBXGroup;
			children = (
				E2D198E816817E5C00870E45 /* gleebox.app */,
				E2D1990E16817E5D00870E45 /* gleeboxTests.octest */,
			);
			name = Products;
			sourceTree = "<group>";
		};
		E2D198EB16817E5C00870E45 /* Frameworks */ = {
			isa = PBXGroup;
			children = (
				E2D198EC16817E5C00870E45 /* UIKit.framework */,
				E2D198EE16817E5C00870E45 /* Foundation.framework */,
				E2D198F016817E5C00870E45 /* CoreGraphics.framework */,
				E2D198F216817E5C00870E45 /* CoreData.framework */,
				E2D1990F16817E5D00870E45 /* SenTestingKit.framework */,
			);
			name = Frameworks;
			sourceTree = "<group>";
		};
		E2D198F416817E5C00870E45 /* gleebox */ = {
			isa = PBXGroup;
			children = (
				E2D198FD16817E5C00870E45 /* GBAppDelegate.h */,
				E2D198FE16817E5D00870E45 /* GBAppDelegate.m */,
				E2D1990616817E5D00870E45 /* gleebox.xcdatamodeld */,
				E2D198F516817E5C00870E45 /* Supporting Files */,
			);
			path = gleebox;
			sourceTree = "<group>";
		};
		E2D198F516817E5C00870E45 /* Supporting Files */ = {
			isa = PBXGroup;
			children = (
				E2D198F616817E5C00870E45 /* gleebox-Info.plist */,
				E2D198F716817E5C00870E45 /* InfoPlist.strings */,
				E2D198FA16817E5C00870E45 /* main.m */,
				E2D198FC16817E5C00870E45 /* gleebox-Prefix.pch */,
				E2D1990016817E5D00870E45 /* Default.png */,
				E2D1990216817E5D00870E45 /* Default@2x.png */,
				E2D1990416817E5D00870E45 /* Default-568h@2x.png */,
			);
			name = "Supporting Files";
			sourceTree = "<group>";
		};
		E2D1991616817E5D00870E45 /* gleeboxTests */ = {
			isa = PBXGroup;
			children = (
				E2D1991C16817E5D00870E45 /* gleeboxTests.h */,
				E2D1991D16817E5D00870E45 /* gleeboxTests.m */,
				E2D1991716817E5D00870E45 /* Supporting Files */,
			);
			path = gleeboxTests;
			sourceTree = "<group>";
		};
		E2D1991716817E5D00870E45 /* Supporting Files */ = {
			isa = PBXGroup;
			children = (
				E2D1991816817E5D00870E45 /* gleeboxTests-Info.plist */,
				E2D1991916817E5D00870E45 /* InfoPlist.strings */,
			);
			name = "Supporting Files";
			sourceTree = "<group>";
		};
/* End PBXGroup section */

/* Begin PBXNativeTarget section */
		E2D198E716817E5C00870E45 /* gleebox */ = {
			isa = PBXNativeTarget;
			buildConfigurationList = E2D1992116817E5D00870E45 /* Build configuration list for PBXNativeTarget "gleebox" */;
			buildPhases = (
				E2D198E416817E5C00870E45 /* Sources */,
				E2D198E516817E5C00870E45 /* Frameworks */,
				E2D198E616817E5C00870E45 /* Resources */,
			);
			buildRules = (
			);
			dependencies = (
			);
			name = gleebox;
			productName = gleebox;
			productReference = E2D198E816817E5C00870E45 /* gleebox.app */;
			productType = "com.apple.product-type.application";
		};
		E2D1990D16817E5D00870E45 /* gleeboxTests */ = {
			isa = PBXNativeTarget;
			buildConfigurationList = E2D1992416817E5D00870E45 /* Build configuration list for PBXNativeTarget "gleeboxTests" */;
			buildPhases = (
				E2D1990916817E5D00870E45 /* Sources */,
				E2D1990A16817E5D00870E45 /* Frameworks */,
				E2D1990B16817E5D00870E45 /* Resources */,
				E2D1990C16817E5D00870E45 /* ShellScript */,
			);
			buildRules = (
			);
			dependencies = (
				E2D1991516817E5D00870E45 /* PBXTargetDependency */,
			);
			name = gleeboxTests;
			productName = gleeboxTests;
			productReference = E2D1990E16817E5D00870E45 /* gleeboxTests.octest */;
			productType = "com.apple.product-type.bundle";
		};
/* End PBXNativeTarget section */

/* Begin PBXProject section */
		E2D198DF16817E5C00870E45 /* Project object */ = {
			isa = PBXProject;
			attributes = {
				CLASSPREFIX = GB;
				LastUpgradeCheck = 0450;
				ORGANIZATIONNAME = tom;
			};
			buildConfigurationList = E2D198E216817E5C00870E45 /* Build configuration list for PBXProject "gleebox" */;
			compatibilityVersion = "Xcode 3.2";
			developmentRegion = English;
			hasScannedForEncodings = 0;
			knownRegions = (
				en,
			);
			mainGroup = E2D198DD16817E5C00870E45;
			productRefGroup = E2D198E916817E5C00870E45 /* Products */;
			projectDirPath = "";
			projectRoot = "";
			targets = (
				E2D198E716817E5C00870E45 /* gleebox */,
				E2D1990D16817E5D00870E45 /* gleeboxTests */,
			);
		};
/* End PBXProject section */

/* Begin PBXResourcesBuildPhase section */
		E2D198E616817E5C00870E45 /* Resources */ = {
			isa = PBXResourcesBuildPhase;
			buildActionMask = 2147483647;
			files = (
				E2D198F916817E5C00870E45 /* InfoPlist.strings in Resources */,
				E2D1990116817E5D00870E45 /* Default.png in Resources */,
				E2D1990316817E5D00870E45 /* Default@2x.png in Resources */,
				E2D1990516817E5D00870E45 /* Default-568h@2x.png in Resources */,
			);
			runOnlyForDeploymentPostprocessing = 0;
		};
		E2D1990B16817E5D00870E45 /* Resources */ = {
			isa = PBXResourcesBuildPhase;
			buildActionMask = 2147483647;
			files = (
				E2D1991B16817E5D00870E45 /* InfoPlist.strings in Resources */,
			);
			runOnlyForDeploymentPostprocessing = 0;
		};
/* End PBXResourcesBuildPhase section */

/* Begin PBXShellScriptBuildPhase section */
		E2D1990C16817E5D00870E45 /* ShellScript */ = {
			isa = PBXShellScriptBuildPhase;
			buildActionMask = 2147483647;
			files = (
			);
			inputPaths = (
			);
			outputPaths = (
			);
			runOnlyForDeploymentPostprocessing = 0;
			shellPath = /bin/sh;
			shellScript = "# Run the unit tests in this test bundle.\n\"${SYSTEM_DEVELOPER_DIR}/Tools/RunUnitTests\"\n";
		};
/* End PBXShellScriptBuildPhase section */

/* Begin PBXSourcesBuildPhase section */
		E2D198E416817E5C00870E45 /* Sources */ = {
			isa = PBXSourcesBuildPhase;
			buildActionMask = 2147483647;
			files = (
				E2D198FB16817E5C00870E45 /* main.m in Sources */,
				E2D198FF16817E5D00870E45 /* GBAppDelegate.m in Sources */,
				E2D1990816817E5D00870E45 /* gleebox.xcdatamodeld in Sources */,
			);
			runOnlyForDeploymentPostprocessing = 0;
		};
		E2D1990916817E5D00870E45 /* Sources */ = {
			isa = PBXSourcesBuildPhase;
			buildActionMask = 2147483647;
			files = (
				E2D1991E16817E5D00870E45 /* gleeboxTests.m in Sources */,
			);
			runOnlyForDeploymentPostprocessing = 0;
		};
/* End PBXSourcesBuildPhase section */

/* Begin PBXTargetDependency section */
		E2D1991516817E5D00870E45 /* PBXTargetDependency */ = {
			isa = PBXTargetDependency;
			target = E2D198E716817E5C00870E45 /* gleebox */;
			targetProxy = E2D1991416817E5D00870E45 /* PBXContainerItemProxy */;
		};
/* End PBXTargetDependency section */

/* Begin PBXVariantGroup section */
		E2D198F716817E5C00870E45 /* InfoPlist.strings */ = {
			isa = PBXVariantGroup;
			children = (
				E2D198F816817E5C00870E45 /* en */,
			);
			name = InfoPlist.strings;
			sourceTree = "<group>";
		};
		E2D1991916817E5D00870E45 /* InfoPlist.strings */ = {
			isa = PBXVariantGroup;
			children = (
				E2D1991A16817E5D00870E45 /* en */,
			);
			name = InfoPlist.strings;
			sourceTree = "<group>";
		};
/* End PBXVariantGroup section */

/* Begin XCBuildConfiguration section */
		E2D1991F16817E5D00870E45 /* Debug */ = {
			isa = XCBuildConfiguration;
			buildSettings = {
				ALWAYS_SEARCH_USER_PATHS = NO;
				CLANG_CXX_LANGUAGE_STANDARD = "gnu++0x";
				CLANG_CXX_LIBRARY = "libc++";
				CLANG_ENABLE_OBJC_ARC = YES;
				CLANG_WARN_EMPTY_BODY = YES;
				CLANG_WARN__DUPLICATE_METHOD_MATCH = YES;
				"CODE_SIGN_IDENTITY[sdk=iphoneos*]" = "iPhone Developer";
				COPY_PHASE_STRIP = NO;
				GCC_C_LANGUAGE_STANDARD = gnu99;
				GCC_DYNAMIC_NO_PIC = NO;
				GCC_OPTIMIZATION_LEVEL = 0;
				GCC_PREPROCESSOR_DEFINITIONS = (
					"DEBUG=1",
					"$(inherited)",
				);
				GCC_SYMBOLS_PRIVATE_EXTERN = NO;
				GCC_WARN_ABOUT_RETURN_TYPE = YES;
				GCC_WARN_UNINITIALIZED_AUTOS = YES;
				GCC_WARN_UNUSED_VARIABLE = YES;
				IPHONEOS_DEPLOYMENT_TARGET = 6.0;
				ONLY_ACTIVE_ARCH = YES;
				SDKROOT = iphoneos;
				TARGETED_DEVICE_FAMILY = "1,2";
			};
			name = Debug;
		};
		E2D1992016817E5D00870E45 /* Release */ = {
			isa = XCBuildConfiguration;
			buildSettings = {
				ALWAYS_SEARCH_USER_PATHS = NO;
				CLANG_CXX_LANGUAGE_STANDARD = "gnu++0x";
				CLANG_CXX_LIBRARY = "libc++";
				CLANG_ENABLE_OBJC_ARC = YES;
				CLANG_WARN_EMPTY_BODY = YES;
				CLANG_WARN__DUPLICATE_METHOD_MATCH = YES;
				"CODE_SIGN_IDENTITY[sdk=iphoneos*]" = "iPhone Developer";
				COPY_PHASE_STRIP = YES;
				GCC_C_LANGUAGE_STANDARD = gnu99;
				GCC_WARN_ABOUT_RETURN_TYPE = YES;
				GCC_WARN_UNINITIALIZED_AUTOS = YES;
				GCC_WARN_UNUSED_VARIABLE = YES;
				IPHONEOS_DEPLOYMENT_TARGET = 6.0;
				OTHER_CFLAGS = "-DNS_BLOCK_ASSERTIONS=1";
				SDKROOT = iphoneos;
				TARGETED_DEVICE_FAMILY = "1,2";
				VALIDATE_PRODUCT = YES;
			};
			name = Release;
		};
		E2D1992216817E5D00870E45 /* Debug */ = {
			isa = XCBuildConfiguration;
			buildSettings = {
				GCC_PRECOMPILE_PREFIX_HEADER = YES;
				GCC_PREFIX_HEADER = "gleebox/gleebox-Prefix.pch";
				INFOPLIST_FILE = "gleebox/gleebox-Info.plist";
				PRODUCT_NAME = "$(TARGET_NAME)";
				WRAPPER_EXTENSION = app;
			};
			name = Debug;
		};
		E2D1992316817E5D00870E45 /* Release */ = {
			isa = XCBuildConfiguration;
			buildSettings = {
				GCC_PRECOMPILE_PREFIX_HEADER = YES;
				GCC_PREFIX_HEADER = "gleebox/gleebox-Prefix.pch";
				INFOPLIST_FILE = "gleebox/gleebox-Info.plist";
				PRODUCT_NAME = "$(TARGET_NAME)";
				WRAPPER_EXTENSION = app;
			};
			name = Release;
		};
		E2D1992516817E5D00870E45 /* Debug */ = {
			isa = XCBuildConfiguration;
			buildSettings = {
				BUNDLE_LOADER = "$(BUILT_PRODUCTS_DIR)/gleebox.app/gleebox";
				FRAMEWORK_SEARCH_PATHS = (
					"\"$(SDKROOT)/Developer/Library/Frameworks\"",
					"\"$(DEVELOPER_LIBRARY_DIR)/Frameworks\"",
				);
				GCC_PRECOMPILE_PREFIX_HEADER = YES;
				GCC_PREFIX_HEADER = "gleebox/gleebox-Prefix.pch";
				INFOPLIST_FILE = "gleeboxTests/gleeboxTests-Info.plist";
				PRODUCT_NAME = "$(TARGET_NAME)";
				TEST_HOST = "$(BUNDLE_LOADER)";
				WRAPPER_EXTENSION = octest;
			};
			name = Debug;
		};
		E2D1992616817E5D00870E45 /* Release */ = {
			isa = XCBuildConfiguration;
			buildSettings = {
				BUNDLE_LOADER = "$(BUILT_PRODUCTS_DIR)/gleebox.app/gleebox";
				FRAMEWORK_SEARCH_PATHS = (
					"\"$(SDKROOT)/Developer/Library/Frameworks\"",
					"\"$(DEVELOPER_LIBRARY_DIR)/Frameworks\"",
				);
				GCC_PRECOMPILE_PREFIX_HEADER = YES;
				GCC_PREFIX_HEADER = "gleebox/gleebox-Prefix.pch";
				INFOPLIST_FILE = "gleeboxTests/gleeboxTests-Info.plist";
				PRODUCT_NAME = "$(TARGET_NAME)";
				TEST_HOST = "$(BUNDLE_LOADER)";
				WRAPPER_EXTENSION = octest;
			};
			name = Release;
		};
/* End XCBuildConfiguration section */

/* Begin XCConfigurationList section */
		E2D198E216817E5C00870E45 /* Build configuration list for PBXProject "gleebox" */ = {
			isa = XCConfigurationList;
			buildConfigurations = (
				E2D1991F16817E5D00870E45 /* Debug */,
				E2D1992016817E5D00870E45 /* Release */,
			);
			defaultConfigurationIsVisible = 0;
			defaultConfigurationName = Release;
		};
		E2D1992116817E5D00870E45 /* Build configuration list for PBXNativeTarget "gleebox" */ = {
			isa = XCConfigurationList;
			buildConfigurations = (
				E2D1992216817E5D00870E45 /* Debug */,
				E2D1992316817E5D00870E45 /* Release */,
			);
			defaultConfigurationIsVisible = 0;
		};
		E2D1992416817E5D00870E45 /* Build configuration list for PBXNativeTarget "gleeboxTests" */ = {
			isa = XCConfigurationList;
			buildConfigurations = (
				E2D1992516817E5D00870E45 /* Debug */,
				E2D1992616817E5D00870E45 /* Release */,
			);
			defaultConfigurationIsVisible = 0;
		};
/* End XCConfigurationList section */

/* Begin XCVersionGroup section */
		E2D1990616817E5D00870E45 /* gleebox.xcdatamodeld */ = {
			isa = XCVersionGroup;
			children = (
				E2D1990716817E5D00870E45 /* gleebox.xcdatamodel */,
			);
			currentVersion = E2D1990716817E5D00870E45 /* gleebox.xcdatamodel */;
			path = gleebox.xcdatamodeld;
			sourceTree = "<group>";
			versionGroupType = wrapper.xcdatamodel;
		};
/* End XCVersionGroup section */
	};
	rootObject = E2D198DF16817E5C00870E45 /* Project object */;
}
