// !$*UTF8*$!
{
	archiveVersion = 1;
	classes = {
	};
	objectVersion = 46;
	objects = {

/* Begin PBXBuildFile section */
		E29DCD4016818FAE00A6A900 /* GBLoginViewController.m in Sources */ = {isa = PBXBuildFile; fileRef = E29DCD3E16818FAE00A6A900 /* GBLoginViewController.m */; };
		E29DCD4116818FAE00A6A900 /* GBLoginViewController.xib in Resources */ = {isa = PBXBuildFile; fileRef = E29DCD3F16818FAE00A6A900 /* GBLoginViewController.xib */; };
		E29DCD451681908B00A6A900 /* facebook-connect-button.png in Resources */ = {isa = PBXBuildFile; fileRef = E29DCD441681908B00A6A900 /* facebook-connect-button.png */; };
		E29DCD491681938000A6A900 /* GBUserService.m in Sources */ = {isa = PBXBuildFile; fileRef = E29DCD481681938000A6A900 /* GBUserService.m */; };
		E29DCD601681991A00A6A900 /* ASIAuthenticationDialog.m in Sources */ = {isa = PBXBuildFile; fileRef = E29DCD4D1681991A00A6A900 /* ASIAuthenticationDialog.m */; settings = {COMPILER_FLAGS = "-fno-objc-arc"; }; };
		E29DCD611681991A00A6A900 /* ASIDataCompressor.m in Sources */ = {isa = PBXBuildFile; fileRef = E29DCD501681991A00A6A900 /* ASIDataCompressor.m */; settings = {COMPILER_FLAGS = "-fno-objc-arc"; }; };
		E29DCD621681991A00A6A900 /* ASIDataDecompressor.m in Sources */ = {isa = PBXBuildFile; fileRef = E29DCD521681991A00A6A900 /* ASIDataDecompressor.m */; settings = {COMPILER_FLAGS = "-fno-objc-arc"; }; };
		E29DCD631681991A00A6A900 /* ASIDownloadCache.m in Sources */ = {isa = PBXBuildFile; fileRef = E29DCD541681991A00A6A900 /* ASIDownloadCache.m */; settings = {COMPILER_FLAGS = "-fno-objc-arc"; }; };
		E29DCD641681991A00A6A900 /* ASIFormDataRequest.m in Sources */ = {isa = PBXBuildFile; fileRef = E29DCD561681991A00A6A900 /* ASIFormDataRequest.m */; settings = {COMPILER_FLAGS = "-fno-objc-arc"; }; };
		E29DCD651681991A00A6A900 /* ASIHTTPRequest.m in Sources */ = {isa = PBXBuildFile; fileRef = E29DCD581681991A00A6A900 /* ASIHTTPRequest.m */; settings = {COMPILER_FLAGS = "-fno-objc-arc"; }; };
		E29DCD661681991A00A6A900 /* ASIInputStream.m in Sources */ = {isa = PBXBuildFile; fileRef = E29DCD5C1681991A00A6A900 /* ASIInputStream.m */; settings = {COMPILER_FLAGS = "-fno-objc-arc"; }; };
		E29DCD671681991A00A6A900 /* ASINetworkQueue.m in Sources */ = {isa = PBXBuildFile; fileRef = E29DCD5E1681991A00A6A900 /* ASINetworkQueue.m */; settings = {COMPILER_FLAGS = "-fno-objc-arc"; }; };
		E29DCD6E1681997200A6A900 /* CFNetwork.framework in Frameworks */ = {isa = PBXBuildFile; fileRef = E29DCD681681995000A6A900 /* CFNetwork.framework */; };
		E29DCD6F1681997200A6A900 /* MobileCoreServices.framework in Frameworks */ = {isa = PBXBuildFile; fileRef = E29DCD6A1681995000A6A900 /* MobileCoreServices.framework */; };
		E29DCD711681997200A6A900 /* libz.dylib in Frameworks */ = {isa = PBXBuildFile; fileRef = E29DCD701681997200A6A900 /* libz.dylib */; };
		E29DCD74168199D000A6A900 /* GBAPI.m in Sources */ = {isa = PBXBuildFile; fileRef = E29DCD73168199D000A6A900 /* GBAPI.m */; };
		E29DCD7716819F1700A6A900 /* Reachability.m in Sources */ = {isa = PBXBuildFile; fileRef = E29DCD7616819F1700A6A900 /* Reachability.m */; settings = {COMPILER_FLAGS = "-fno-objc-arc"; }; };
		E29DCD7916819F9200A6A900 /* SystemConfiguration.framework in Frameworks */ = {isa = PBXBuildFile; fileRef = E29DCD7816819F9200A6A900 /* SystemConfiguration.framework */; };
		E29DCD7E1681A02300A6A900 /* Accounts.framework in Frameworks */ = {isa = PBXBuildFile; fileRef = E29DCD7B1681A02300A6A900 /* Accounts.framework */; settings = {ATTRIBUTES = (Weak, ); }; };
		E29DCD7F1681A02300A6A900 /* AdSupport.framework in Frameworks */ = {isa = PBXBuildFile; fileRef = E29DCD7C1681A02300A6A900 /* AdSupport.framework */; settings = {ATTRIBUTES = (Weak, ); }; };
		E29DCD801681A02300A6A900 /* Social.framework in Frameworks */ = {isa = PBXBuildFile; fileRef = E29DCD7D1681A02300A6A900 /* Social.framework */; settings = {ATTRIBUTES = (Weak, ); }; };
		E29DCD821681A07600A6A900 /* libsqlite3.0.dylib in Frameworks */ = {isa = PBXBuildFile; fileRef = E29DCD811681A07600A6A900 /* libsqlite3.0.dylib */; };
		E29DCD861681A21F00A6A900 /* GBRootViewController.m in Sources */ = {isa = PBXBuildFile; fileRef = E29DCD841681A21F00A6A900 /* GBRootViewController.m */; };
		E29DCD871681A21F00A6A900 /* GBRootViewController.xib in Resources */ = {isa = PBXBuildFile; fileRef = E29DCD851681A21F00A6A900 /* GBRootViewController.xib */; };
		E29DCD8D1681A57100A6A900 /* FacebookSDK.framework in Frameworks */ = {isa = PBXBuildFile; fileRef = E29DCD8C1681A57100A6A900 /* FacebookSDK.framework */; };
		E29DCD8F1681A58400A6A900 /* FacebookSDKResources.bundle in Resources */ = {isa = PBXBuildFile; fileRef = E29DCD8E1681A58400A6A900 /* FacebookSDKResources.bundle */; };
		E2D198ED16817E5C00870E45 /* UIKit.framework in Frameworks */ = {isa = PBXBuildFile; fileRef = E2D198EC16817E5C00870E45 /* UIKit.framework */; };
		E2D198EF16817E5C00870E45 /* Foundation.framework in Frameworks */ = {isa = PBXBuildFile; fileRef = E2D198EE16817E5C00870E45 /* Foundation.framework */; };
		E2D198F116817E5C00870E45 /* CoreGraphics.framework in Frameworks */ = {isa = PBXBuildFile; fileRef = E2D198F016817E5C00870E45 /* CoreGraphics.framework */; };
		E2D198F316817E5C00870E45 /* CoreData.framework in Frameworks */ = {isa = PBXBuildFile; fileRef = E2D198F216817E5C00870E45 /* CoreData.framework */; };
		E2D198F916817E5C00870E45 /* InfoPlist.strings in Resources */ = {isa = PBXBuildFile; fileRef = E2D198F716817E5C00870E45 /* InfoPlist.strings */; };
		E2D198FB16817E5C00870E45 /* main.m in Sources */ = {isa = PBXBuildFile; fileRef = E2D198FA16817E5C00870E45 /* main.m */; };
		E2D198FF16817E5D00870E45 /* GBAppDelegate.m in Sources */ = {isa = PBXBuildFile; fileRef = E2D198FE16817E5D00870E45 /* GBAppDelegate.m */; };
		E2D1990116817E5D00870E45 /* Default.png in Resources */ = {isa = PBXBuildFile; fileRef = E2D1990016817E5D00870E45 /* Default.png */; };
		E2D1990316817E5D00870E45 /* Default@2x.png in Resources */ = {isa = PBXBuildFile; fileRef = E2D1990216817E5D00870E45 /* Default@2x.png */; };
		E2D1990516817E5D00870E45 /* Default-568h@2x.png in Resources */ = {isa = PBXBuildFile; fileRef = E2D1990416817E5D00870E45 /* Default-568h@2x.png */; };
		E2D1990816817E5D00870E45 /* gleebox.xcdatamodeld in Sources */ = {isa = PBXBuildFile; fileRef = E2D1990616817E5D00870E45 /* gleebox.xcdatamodeld */; };
		E2D1991016817E5D00870E45 /* SenTestingKit.framework in Frameworks */ = {isa = PBXBuildFile; fileRef = E2D1990F16817E5D00870E45 /* SenTestingKit.framework */; };
		E2D1991116817E5D00870E45 /* UIKit.framework in Frameworks */ = {isa = PBXBuildFile; fileRef = E2D198EC16817E5C00870E45 /* UIKit.framework */; };
		E2D1991216817E5D00870E45 /* Foundation.framework in Frameworks */ = {isa = PBXBuildFile; fileRef = E2D198EE16817E5C00870E45 /* Foundation.framework */; };
		E2D1991316817E5D00870E45 /* CoreData.framework in Frameworks */ = {isa = PBXBuildFile; fileRef = E2D198F216817E5C00870E45 /* CoreData.framework */; };
		E2D1991B16817E5D00870E45 /* InfoPlist.strings in Resources */ = {isa = PBXBuildFile; fileRef = E2D1991916817E5D00870E45 /* InfoPlist.strings */; };
		E2D1991E16817E5D00870E45 /* gleeboxTests.m in Sources */ = {isa = PBXBuildFile; fileRef = E2D1991D16817E5D00870E45 /* gleeboxTests.m */; };
		E2D8D69C1687C8FB00EB5BB4 /* GBBrowseViewController.m in Sources */ = {isa = PBXBuildFile; fileRef = E2D8D69A1687C8FB00EB5BB4 /* GBBrowseViewController.m */; };
		E2D8D69D1687C8FB00EB5BB4 /* GBBrowseViewController.xib in Resources */ = {isa = PBXBuildFile; fileRef = E2D8D69B1687C8FB00EB5BB4 /* GBBrowseViewController.xib */; };
		E2D8D6A11687D1BD00EB5BB4 /* GBShareViewController.m in Sources */ = {isa = PBXBuildFile; fileRef = E2D8D69F1687D1BD00EB5BB4 /* GBShareViewController.m */; };
		E2D8D6A21687D1BD00EB5BB4 /* GBShareViewController.xib in Resources */ = {isa = PBXBuildFile; fileRef = E2D8D6A01687D1BD00EB5BB4 /* GBShareViewController.xib */; };
		E2D8D6A61687D61700EB5BB4 /* GBFavsViewController.m in Sources */ = {isa = PBXBuildFile; fileRef = E2D8D6A41687D61700EB5BB4 /* GBFavsViewController.m */; };
		E2D8D6A71687D61700EB5BB4 /* GBFavsViewController.xib in Resources */ = {isa = PBXBuildFile; fileRef = E2D8D6A51687D61700EB5BB4 /* GBFavsViewController.xib */; };
		E2D8D6AB1687D75500EB5BB4 /* GBView.m in Sources */ = {isa = PBXBuildFile; fileRef = E2D8D6AA1687D75500EB5BB4 /* GBView.m */; };
		E2D8D6AE1687D76500EB5BB4 /* GBItemView.m in Sources */ = {isa = PBXBuildFile; fileRef = E2D8D6AD1687D76500EB5BB4 /* GBItemView.m */; };
		E2D8D6B21687DA2A00EB5BB4 /* GBItem.m in Sources */ = {isa = PBXBuildFile; fileRef = E2D8D6B11687DA2A00EB5BB4 /* GBItem.m */; };
		E2D8D6BD1688171800EB5BB4 /* GBURLImageView.m in Sources */ = {isa = PBXBuildFile; fileRef = E2D8D6BC1688171800EB5BB4 /* GBURLImageView.m */; };
		E2D8D6C016881E8400EB5BB4 /* GBItemService.m in Sources */ = {isa = PBXBuildFile; fileRef = E2D8D6BF16881E8400EB5BB4 /* GBItemService.m */; };
		E2D8D6C41688EBBC00EB5BB4 /* GBItemDetailedViewController.m in Sources */ = {isa = PBXBuildFile; fileRef = E2D8D6C21688EBBB00EB5BB4 /* GBItemDetailedViewController.m */; };
		E2D8D6C51688EBBC00EB5BB4 /* GBItemDetailedViewController.xib in Resources */ = {isa = PBXBuildFile; fileRef = E2D8D6C31688EBBC00EB5BB4 /* GBItemDetailedViewController.xib */; };
		E2D8D6C8168948DA00EB5BB4 /* GBPullToRefreshScrollView.m in Sources */ = {isa = PBXBuildFile; fileRef = E2D8D6C7168948DA00EB5BB4 /* GBPullToRefreshScrollView.m */; };
		E2D8D6CC16894A0E00EB5BB4 /* arrow.png in Resources */ = {isa = PBXBuildFile; fileRef = E2D8D6CB16894A0E00EB5BB4 /* arrow.png */; };
/* End PBXBuildFile section */

/* Begin PBXContainerItemProxy section */
		E2D1991416817E5D00870E45 /* PBXContainerItemProxy */ = {
			isa = PBXContainerItemProxy;
			containerPortal = E2D198DF16817E5C00870E45 /* Project object */;
			proxyType = 1;
			remoteGlobalIDString = E2D198E716817E5C00870E45;
			remoteInfo = gleebox;
		};
/* End PBXContainerItemProxy section */

/* Begin PBXFileReference section */
		E29DCD3D16818FAE00A6A900 /* GBLoginViewController.h */ = {isa = PBXFileReference; fileEncoding = 4; lastKnownFileType = sourcecode.c.h; name = GBLoginViewController.h; path = src/GBLoginViewController.h; sourceTree = "<group>"; };
		E29DCD3E16818FAE00A6A900 /* GBLoginViewController.m */ = {isa = PBXFileReference; fileEncoding = 4; lastKnownFileType = sourcecode.c.objc; name = GBLoginViewController.m; path = src/GBLoginViewController.m; sourceTree = "<group>"; };
		E29DCD3F16818FAE00A6A900 /* GBLoginViewController.xib */ = {isa = PBXFileReference; fileEncoding = 4; lastKnownFileType = file.xib; name = GBLoginViewController.xib; path = src/GBLoginViewController.xib; sourceTree = "<group>"; };
		E29DCD441681908B00A6A900 /* facebook-connect-button.png */ = {isa = PBXFileReference; lastKnownFileType = image.png; path = "facebook-connect-button.png"; sourceTree = "<group>"; };
		E29DCD471681938000A6A900 /* GBUserService.h */ = {isa = PBXFileReference; fileEncoding = 4; lastKnownFileType = sourcecode.c.h; path = GBUserService.h; sourceTree = "<group>"; };
		E29DCD481681938000A6A900 /* GBUserService.m */ = {isa = PBXFileReference; fileEncoding = 4; lastKnownFileType = sourcecode.c.objc; path = GBUserService.m; sourceTree = "<group>"; };
		E29DCD4C1681991A00A6A900 /* ASIAuthenticationDialog.h */ = {isa = PBXFileReference; fileEncoding = 4; lastKnownFileType = sourcecode.c.h; path = ASIAuthenticationDialog.h; sourceTree = "<group>"; };
		E29DCD4D1681991A00A6A900 /* ASIAuthenticationDialog.m */ = {isa = PBXFileReference; fileEncoding = 4; lastKnownFileType = sourcecode.c.objc; path = ASIAuthenticationDialog.m; sourceTree = "<group>"; };
		E29DCD4E1681991A00A6A900 /* ASICacheDelegate.h */ = {isa = PBXFileReference; fileEncoding = 4; lastKnownFileType = sourcecode.c.h; path = ASICacheDelegate.h; sourceTree = "<group>"; };
		E29DCD4F1681991A00A6A900 /* ASIDataCompressor.h */ = {isa = PBXFileReference; fileEncoding = 4; lastKnownFileType = sourcecode.c.h; path = ASIDataCompressor.h; sourceTree = "<group>"; };
		E29DCD501681991A00A6A900 /* ASIDataCompressor.m */ = {isa = PBXFileReference; fileEncoding = 4; lastKnownFileType = sourcecode.c.objc; path = ASIDataCompressor.m; sourceTree = "<group>"; };
		E29DCD511681991A00A6A900 /* ASIDataDecompressor.h */ = {isa = PBXFileReference; fileEncoding = 4; lastKnownFileType = sourcecode.c.h; path = ASIDataDecompressor.h; sourceTree = "<group>"; };
		E29DCD521681991A00A6A900 /* ASIDataDecompressor.m */ = {isa = PBXFileReference; fileEncoding = 4; lastKnownFileType = sourcecode.c.objc; path = ASIDataDecompressor.m; sourceTree = "<group>"; };
		E29DCD531681991A00A6A900 /* ASIDownloadCache.h */ = {isa = PBXFileReference; fileEncoding = 4; lastKnownFileType = sourcecode.c.h; path = ASIDownloadCache.h; sourceTree = "<group>"; };
		E29DCD541681991A00A6A900 /* ASIDownloadCache.m */ = {isa = PBXFileReference; fileEncoding = 4; lastKnownFileType = sourcecode.c.objc; path = ASIDownloadCache.m; sourceTree = "<group>"; };
		E29DCD551681991A00A6A900 /* ASIFormDataRequest.h */ = {isa = PBXFileReference; fileEncoding = 4; lastKnownFileType = sourcecode.c.h; path = ASIFormDataRequest.h; sourceTree = "<group>"; };
		E29DCD561681991A00A6A900 /* ASIFormDataRequest.m */ = {isa = PBXFileReference; fileEncoding = 4; lastKnownFileType = sourcecode.c.objc; path = ASIFormDataRequest.m; sourceTree = "<group>"; };
		E29DCD571681991A00A6A900 /* ASIHTTPRequest.h */ = {isa = PBXFileReference; fileEncoding = 4; lastKnownFileType = sourcecode.c.h; path = ASIHTTPRequest.h; sourceTree = "<group>"; };
		E29DCD581681991A00A6A900 /* ASIHTTPRequest.m */ = {isa = PBXFileReference; fileEncoding = 4; lastKnownFileType = sourcecode.c.objc; path = ASIHTTPRequest.m; sourceTree = "<group>"; };
		E29DCD591681991A00A6A900 /* ASIHTTPRequestConfig.h */ = {isa = PBXFileReference; fileEncoding = 4; lastKnownFileType = sourcecode.c.h; path = ASIHTTPRequestConfig.h; sourceTree = "<group>"; };
		E29DCD5A1681991A00A6A900 /* ASIHTTPRequestDelegate.h */ = {isa = PBXFileReference; fileEncoding = 4; lastKnownFileType = sourcecode.c.h; path = ASIHTTPRequestDelegate.h; sourceTree = "<group>"; };
		E29DCD5B1681991A00A6A900 /* ASIInputStream.h */ = {isa = PBXFileReference; fileEncoding = 4; lastKnownFileType = sourcecode.c.h; path = ASIInputStream.h; sourceTree = "<group>"; };
		E29DCD5C1681991A00A6A900 /* ASIInputStream.m */ = {isa = PBXFileReference; fileEncoding = 4; lastKnownFileType = sourcecode.c.objc; path = ASIInputStream.m; sourceTree = "<group>"; };
		E29DCD5D1681991A00A6A900 /* ASINetworkQueue.h */ = {isa = PBXFileReference; fileEncoding = 4; lastKnownFileType = sourcecode.c.h; path = ASINetworkQueue.h; sourceTree = "<group>"; };
		E29DCD5E1681991A00A6A900 /* ASINetworkQueue.m */ = {isa = PBXFileReference; fileEncoding = 4; lastKnownFileType = sourcecode.c.objc; path = ASINetworkQueue.m; sourceTree = "<group>"; };
		E29DCD5F1681991A00A6A900 /* ASIProgressDelegate.h */ = {isa = PBXFileReference; fileEncoding = 4; lastKnownFileType = sourcecode.c.h; path = ASIProgressDelegate.h; sourceTree = "<group>"; };
		E29DCD681681995000A6A900 /* CFNetwork.framework */ = {isa = PBXFileReference; lastKnownFileType = wrapper.framework; name = CFNetwork.framework; path = System/Library/Frameworks/CFNetwork.framework; sourceTree = SDKROOT; };
		E29DCD6A1681995000A6A900 /* MobileCoreServices.framework */ = {isa = PBXFileReference; lastKnownFileType = wrapper.framework; name = MobileCoreServices.framework; path = System/Library/Frameworks/MobileCoreServices.framework; sourceTree = SDKROOT; };
		E29DCD701681997200A6A900 /* libz.dylib */ = {isa = PBXFileReference; lastKnownFileType = "compiled.mach-o.dylib"; name = libz.dylib; path = usr/lib/libz.dylib; sourceTree = SDKROOT; };
		E29DCD72168199D000A6A900 /* GBAPI.h */ = {isa = PBXFileReference; fileEncoding = 4; lastKnownFileType = sourcecode.c.h; path = GBAPI.h; sourceTree = "<group>"; };
		E29DCD73168199D000A6A900 /* GBAPI.m */ = {isa = PBXFileReference; fileEncoding = 4; lastKnownFileType = sourcecode.c.objc; path = GBAPI.m; sourceTree = "<group>"; };
		E29DCD7516819F1700A6A900 /* Reachability.h */ = {isa = PBXFileReference; fileEncoding = 4; lastKnownFileType = sourcecode.c.h; path = Reachability.h; sourceTree = "<group>"; };
		E29DCD7616819F1700A6A900 /* Reachability.m */ = {isa = PBXFileReference; fileEncoding = 4; lastKnownFileType = sourcecode.c.objc; path = Reachability.m; sourceTree = "<group>"; };
		E29DCD7816819F9200A6A900 /* SystemConfiguration.framework */ = {isa = PBXFileReference; lastKnownFileType = wrapper.framework; name = SystemConfiguration.framework; path = System/Library/Frameworks/SystemConfiguration.framework; sourceTree = SDKROOT; };
		E29DCD7B1681A02300A6A900 /* Accounts.framework */ = {isa = PBXFileReference; lastKnownFileType = wrapper.framework; name = Accounts.framework; path = System/Library/Frameworks/Accounts.framework; sourceTree = SDKROOT; };
		E29DCD7C1681A02300A6A900 /* AdSupport.framework */ = {isa = PBXFileReference; lastKnownFileType = wrapper.framework; name = AdSupport.framework; path = System/Library/Frameworks/AdSupport.framework; sourceTree = SDKROOT; };
		E29DCD7D1681A02300A6A900 /* Social.framework */ = {isa = PBXFileReference; lastKnownFileType = wrapper.framework; name = Social.framework; path = System/Library/Frameworks/Social.framework; sourceTree = SDKROOT; };
		E29DCD811681A07600A6A900 /* libsqlite3.0.dylib */ = {isa = PBXFileReference; lastKnownFileType = "compiled.mach-o.dylib"; name = libsqlite3.0.dylib; path = usr/lib/libsqlite3.0.dylib; sourceTree = SDKROOT; };
		E29DCD831681A21F00A6A900 /* GBRootViewController.h */ = {isa = PBXFileReference; fileEncoding = 4; lastKnownFileType = sourcecode.c.h; name = GBRootViewController.h; path = gleebox/src/GBRootViewController.h; sourceTree = SOURCE_ROOT; };
		E29DCD841681A21F00A6A900 /* GBRootViewController.m */ = {isa = PBXFileReference; fileEncoding = 4; lastKnownFileType = sourcecode.c.objc; name = GBRootViewController.m; path = gleebox/src/GBRootViewController.m; sourceTree = SOURCE_ROOT; };
		E29DCD851681A21F00A6A900 /* GBRootViewController.xib */ = {isa = PBXFileReference; fileEncoding = 4; lastKnownFileType = file.xib; name = GBRootViewController.xib; path = gleebox/src/GBRootViewController.xib; sourceTree = SOURCE_ROOT; };
		E29DCD8C1681A57100A6A900 /* FacebookSDK.framework */ = {isa = PBXFileReference; lastKnownFileType = wrapper.framework; name = FacebookSDK.framework; path = ../Documents/FacebookSDK/FacebookSDK.framework; sourceTree = "<group>"; };
		E29DCD8E1681A58400A6A900 /* FacebookSDKResources.bundle */ = {isa = PBXFileReference; lastKnownFileType = "wrapper.plug-in"; name = FacebookSDKResources.bundle; path = ../Documents/FacebookSDK/FacebookSDK.framework/Versions/A/Resources/FacebookSDKResources.bundle; sourceTree = "<group>"; };
		E2D198E816817E5C00870E45 /* gleebox.app */ = {isa = PBXFileReference; explicitFileType = wrapper.application; includeInIndex = 0; path = gleebox.app; sourceTree = BUILT_PRODUCTS_DIR; };
		E2D198EC16817E5C00870E45 /* UIKit.framework */ = {isa = PBXFileReference; lastKnownFileType = wrapper.framework; name = UIKit.framework; path = System/Library/Frameworks/UIKit.framework; sourceTree = SDKROOT; };
		E2D198EE16817E5C00870E45 /* Foundation.framework */ = {isa = PBXFileReference; lastKnownFileType = wrapper.framework; name = Foundation.framework; path = System/Library/Frameworks/Foundation.framework; sourceTree = SDKROOT; };
		E2D198F016817E5C00870E45 /* CoreGraphics.framework */ = {isa = PBXFileReference; lastKnownFileType = wrapper.framework; name = CoreGraphics.framework; path = System/Library/Frameworks/CoreGraphics.framework; sourceTree = SDKROOT; };
		E2D198F216817E5C00870E45 /* CoreData.framework */ = {isa = PBXFileReference; lastKnownFileType = wrapper.framework; name = CoreData.framework; path = System/Library/Frameworks/CoreData.framework; sourceTree = SDKROOT; };
		E2D198F616817E5C00870E45 /* gleebox-Info.plist */ = {isa = PBXFileReference; lastKnownFileType = text.plist.xml; path = "gleebox-Info.plist"; sourceTree = "<group>"; };
		E2D198F816817E5C00870E45 /* en */ = {isa = PBXFileReference; lastKnownFileType = text.plist.strings; name = en; path = en.lproj/InfoPlist.strings; sourceTree = "<group>"; };
		E2D198FA16817E5C00870E45 /* main.m */ = {isa = PBXFileReference; lastKnownFileType = sourcecode.c.objc; path = main.m; sourceTree = "<group>"; };
		E2D198FC16817E5C00870E45 /* gleebox-Prefix.pch */ = {isa = PBXFileReference; lastKnownFileType = sourcecode.c.h; path = "gleebox-Prefix.pch"; sourceTree = "<group>"; };
		E2D198FD16817E5C00870E45 /* GBAppDelegate.h */ = {isa = PBXFileReference; lastKnownFileType = sourcecode.c.h; path = GBAppDelegate.h; sourceTree = "<group>"; };
		E2D198FE16817E5D00870E45 /* GBAppDelegate.m */ = {isa = PBXFileReference; lastKnownFileType = sourcecode.c.objc; path = GBAppDelegate.m; sourceTree = "<group>"; };
		E2D1990016817E5D00870E45 /* Default.png */ = {isa = PBXFileReference; lastKnownFileType = image.png; path = Default.png; sourceTree = "<group>"; };
		E2D1990216817E5D00870E45 /* Default@2x.png */ = {isa = PBXFileReference; lastKnownFileType = image.png; path = "Default@2x.png"; sourceTree = "<group>"; };
		E2D1990416817E5D00870E45 /* Default-568h@2x.png */ = {isa = PBXFileReference; lastKnownFileType = image.png; path = "Default-568h@2x.png"; sourceTree = "<group>"; };
		E2D1990716817E5D00870E45 /* gleebox.xcdatamodel */ = {isa = PBXFileReference; lastKnownFileType = wrapper.xcdatamodel; path = gleebox.xcdatamodel; sourceTree = "<group>"; };
		E2D1990E16817E5D00870E45 /* gleeboxTests.octest */ = {isa = PBXFileReference; explicitFileType = wrapper.cfbundle; includeInIndex = 0; path = gleeboxTests.octest; sourceTree = BUILT_PRODUCTS_DIR; };
		E2D1990F16817E5D00870E45 /* SenTestingKit.framework */ = {isa = PBXFileReference; lastKnownFileType = wrapper.framework; name = SenTestingKit.framework; path = Library/Frameworks/SenTestingKit.framework; sourceTree = DEVELOPER_DIR; };
		E2D1991816817E5D00870E45 /* gleeboxTests-Info.plist */ = {isa = PBXFileReference; lastKnownFileType = text.plist.xml; path = "gleeboxTests-Info.plist"; sourceTree = "<group>"; };
		E2D1991A16817E5D00870E45 /* en */ = {isa = PBXFileReference; lastKnownFileType = text.plist.strings; name = en; path = en.lproj/InfoPlist.strings; sourceTree = "<group>"; };
		E2D1991C16817E5D00870E45 /* gleeboxTests.h */ = {isa = PBXFileReference; lastKnownFileType = sourcecode.c.h; path = gleeboxTests.h; sourceTree = "<group>"; };
		E2D1991D16817E5D00870E45 /* gleeboxTests.m */ = {isa = PBXFileReference; lastKnownFileType = sourcecode.c.objc; path = gleeboxTests.m; sourceTree = "<group>"; };
		E2D8D6991687C8FB00EB5BB4 /* GBBrowseViewController.h */ = {isa = PBXFileReference; fileEncoding = 4; lastKnownFileType = sourcecode.c.h; name = GBBrowseViewController.h; path = src/GBBrowseViewController.h; sourceTree = "<group>"; };
		E2D8D69A1687C8FB00EB5BB4 /* GBBrowseViewController.m */ = {isa = PBXFileReference; fileEncoding = 4; lastKnownFileType = sourcecode.c.objc; name = GBBrowseViewController.m; path = src/GBBrowseViewController.m; sourceTree = "<group>"; };
		E2D8D69B1687C8FB00EB5BB4 /* GBBrowseViewController.xib */ = {isa = PBXFileReference; fileEncoding = 4; lastKnownFileType = file.xib; name = GBBrowseViewController.xib; path = src/GBBrowseViewController.xib; sourceTree = "<group>"; };
		E2D8D69E1687D1BD00EB5BB4 /* GBShareViewController.h */ = {isa = PBXFileReference; fileEncoding = 4; lastKnownFileType = sourcecode.c.h; name = GBShareViewController.h; path = src/GBShareViewController.h; sourceTree = "<group>"; };
		E2D8D69F1687D1BD00EB5BB4 /* GBShareViewController.m */ = {isa = PBXFileReference; fileEncoding = 4; lastKnownFileType = sourcecode.c.objc; name = GBShareViewController.m; path = src/GBShareViewController.m; sourceTree = "<group>"; };
		E2D8D6A01687D1BD00EB5BB4 /* GBShareViewController.xib */ = {isa = PBXFileReference; fileEncoding = 4; lastKnownFileType = file.xib; name = GBShareViewController.xib; path = src/GBShareViewController.xib; sourceTree = "<group>"; };
		E2D8D6A31687D61600EB5BB4 /* GBFavsViewController.h */ = {isa = PBXFileReference; fileEncoding = 4; lastKnownFileType = sourcecode.c.h; name = GBFavsViewController.h; path = src/GBFavsViewController.h; sourceTree = "<group>"; };
		E2D8D6A41687D61700EB5BB4 /* GBFavsViewController.m */ = {isa = PBXFileReference; fileEncoding = 4; lastKnownFileType = sourcecode.c.objc; name = GBFavsViewController.m; path = src/GBFavsViewController.m; sourceTree = "<group>"; };
		E2D8D6A51687D61700EB5BB4 /* GBFavsViewController.xib */ = {isa = PBXFileReference; fileEncoding = 4; lastKnownFileType = file.xib; name = GBFavsViewController.xib; path = src/GBFavsViewController.xib; sourceTree = "<group>"; };
		E2D8D6A91687D75500EB5BB4 /* GBView.h */ = {isa = PBXFileReference; fileEncoding = 4; lastKnownFileType = sourcecode.c.h; path = GBView.h; sourceTree = "<group>"; };
		E2D8D6AA1687D75500EB5BB4 /* GBView.m */ = {isa = PBXFileReference; fileEncoding = 4; lastKnownFileType = sourcecode.c.objc; path = GBView.m; sourceTree = "<group>"; };
		E2D8D6AC1687D76500EB5BB4 /* GBItemView.h */ = {isa = PBXFileReference; fileEncoding = 4; lastKnownFileType = sourcecode.c.h; path = GBItemView.h; sourceTree = "<group>"; };
		E2D8D6AD1687D76500EB5BB4 /* GBItemView.m */ = {isa = PBXFileReference; fileEncoding = 4; lastKnownFileType = sourcecode.c.objc; path = GBItemView.m; sourceTree = "<group>"; };
		E2D8D6B01687DA2A00EB5BB4 /* GBItem.h */ = {isa = PBXFileReference; fileEncoding = 4; lastKnownFileType = sourcecode.c.h; path = GBItem.h; sourceTree = "<group>"; };
		E2D8D6B11687DA2A00EB5BB4 /* GBItem.m */ = {isa = PBXFileReference; fileEncoding = 4; lastKnownFileType = sourcecode.c.objc; path = GBItem.m; sourceTree = "<group>"; };
		E2D8D6BB1688171800EB5BB4 /* GBURLImageView.h */ = {isa = PBXFileReference; fileEncoding = 4; lastKnownFileType = sourcecode.c.h; path = GBURLImageView.h; sourceTree = "<group>"; };
		E2D8D6BC1688171800EB5BB4 /* GBURLImageView.m */ = {isa = PBXFileReference; fileEncoding = 4; lastKnownFileType = sourcecode.c.objc; path = GBURLImageView.m; sourceTree = "<group>"; };
		E2D8D6BE16881E8400EB5BB4 /* GBItemService.h */ = {isa = PBXFileReference; fileEncoding = 4; lastKnownFileType = sourcecode.c.h; path = GBItemService.h; sourceTree = "<group>"; };
		E2D8D6BF16881E8400EB5BB4 /* GBItemService.m */ = {isa = PBXFileReference; fileEncoding = 4; lastKnownFileType = sourcecode.c.objc; path = GBItemService.m; sourceTree = "<group>"; };
		E2D8D6C11688EBBB00EB5BB4 /* GBItemDetailedViewController.h */ = {isa = PBXFileReference; fileEncoding = 4; lastKnownFileType = sourcecode.c.h; path = GBItemDetailedViewController.h; sourceTree = "<group>"; };
		E2D8D6C21688EBBB00EB5BB4 /* GBItemDetailedViewController.m */ = {isa = PBXFileReference; fileEncoding = 4; lastKnownFileType = sourcecode.c.objc; path = GBItemDetailedViewController.m; sourceTree = "<group>"; };
		E2D8D6C31688EBBC00EB5BB4 /* GBItemDetailedViewController.xib */ = {isa = PBXFileReference; fileEncoding = 4; lastKnownFileType = file.xib; path = GBItemDetailedViewController.xib; sourceTree = "<group>"; };
		E2D8D6C6168948DA00EB5BB4 /* GBPullToRefreshScrollView.h */ = {isa = PBXFileReference; fileEncoding = 4; lastKnownFileType = sourcecode.c.h; path = GBPullToRefreshScrollView.h; sourceTree = "<group>"; };
		E2D8D6C7168948DA00EB5BB4 /* GBPullToRefreshScrollView.m */ = {isa = PBXFileReference; fileEncoding = 4; lastKnownFileType = sourcecode.c.objc; path = GBPullToRefreshScrollView.m; sourceTree = "<group>"; };
		E2D8D6CB16894A0E00EB5BB4 /* arrow.png */ = {isa = PBXFileReference; lastKnownFileType = image.png; path = arrow.png; sourceTree = "<group>"; };
/* End PBXFileReference section */

/* Begin PBXFrameworksBuildPhase section */
		E2D198E516817E5C00870E45 /* Frameworks */ = {
			isa = PBXFrameworksBuildPhase;
			buildActionMask = 2147483647;
			files = (
				E29DCD821681A07600A6A900 /* libsqlite3.0.dylib in Frameworks */,
				E29DCD7E1681A02300A6A900 /* Accounts.framework in Frameworks */,
				E29DCD7F1681A02300A6A900 /* AdSupport.framework in Frameworks */,
				E29DCD801681A02300A6A900 /* Social.framework in Frameworks */,
				E29DCD7916819F9200A6A900 /* SystemConfiguration.framework in Frameworks */,
				E29DCD711681997200A6A900 /* libz.dylib in Frameworks */,
				E29DCD6E1681997200A6A900 /* CFNetwork.framework in Frameworks */,
				E29DCD6F1681997200A6A900 /* MobileCoreServices.framework in Frameworks */,
				E2D198F116817E5C00870E45 /* CoreGraphics.framework in Frameworks */,
				E2D198ED16817E5C00870E45 /* UIKit.framework in Frameworks */,
				E2D198EF16817E5C00870E45 /* Foundation.framework in Frameworks */,
				E2D198F316817E5C00870E45 /* CoreData.framework in Frameworks */,
				E29DCD8D1681A57100A6A900 /* FacebookSDK.framework in Frameworks */,
			);
			runOnlyForDeploymentPostprocessing = 0;
		};
		E2D1990A16817E5D00870E45 /* Frameworks */ = {
			isa = PBXFrameworksBuildPhase;
			buildActionMask = 2147483647;
			files = (
				E2D1991016817E5D00870E45 /* SenTestingKit.framework in Frameworks */,
				E2D1991116817E5D00870E45 /* UIKit.framework in Frameworks */,
				E2D1991216817E5D00870E45 /* Foundation.framework in Frameworks */,
				E2D1991316817E5D00870E45 /* CoreData.framework in Frameworks */,
			);
			runOnlyForDeploymentPostprocessing = 0;
		};
/* End PBXFrameworksBuildPhase section */

/* Begin PBXGroup section */
		E29DCD4216818FBE00A6A900 /* src */ = {
			isa = PBXGroup;
			children = (
				E2D8D6AF1687DA1C00EB5BB4 /* data */,
				E2D8D6A81687D72A00EB5BB4 /* ui */,
				E29DCD4A1681991A00A6A900 /* external */,
				E29DCD461681935B00A6A900 /* services */,
				E29DCD3D16818FAE00A6A900 /* GBLoginViewController.h */,
				E29DCD3E16818FAE00A6A900 /* GBLoginViewController.m */,
				E29DCD3F16818FAE00A6A900 /* GBLoginViewController.xib */,
				E2D8D6A31687D61600EB5BB4 /* GBFavsViewController.h */,
				E2D8D6A41687D61700EB5BB4 /* GBFavsViewController.m */,
				E2D8D6A51687D61700EB5BB4 /* GBFavsViewController.xib */,
				E29DCD831681A21F00A6A900 /* GBRootViewController.h */,
				E29DCD841681A21F00A6A900 /* GBRootViewController.m */,
				E2D8D69E1687D1BD00EB5BB4 /* GBShareViewController.h */,
				E2D8D69F1687D1BD00EB5BB4 /* GBShareViewController.m */,
				E2D8D6A01687D1BD00EB5BB4 /* GBShareViewController.xib */,
				E29DCD851681A21F00A6A900 /* GBRootViewController.xib */,
				E2D8D6991687C8FB00EB5BB4 /* GBBrowseViewController.h */,
				E2D8D69A1687C8FB00EB5BB4 /* GBBrowseViewController.m */,
				E2D8D69B1687C8FB00EB5BB4 /* GBBrowseViewController.xib */,
			);
			name = src;
			sourceTree = "<group>";
		};
		E29DCD431681908B00A6A900 /* bin */ = {
			isa = PBXGroup;
			children = (
				E29DCD441681908B00A6A900 /* facebook-connect-button.png */,
				E2D8D6CB16894A0E00EB5BB4 /* arrow.png */,
			);
			path = bin;
			sourceTree = "<group>";
		};
		E29DCD461681935B00A6A900 /* services */ = {
			isa = PBXGroup;
			children = (
				E29DCD471681938000A6A900 /* GBUserService.h */,
				E29DCD481681938000A6A900 /* GBUserService.m */,
				E29DCD72168199D000A6A900 /* GBAPI.h */,
				E29DCD73168199D000A6A900 /* GBAPI.m */,
				E2D8D6BE16881E8400EB5BB4 /* GBItemService.h */,
				E2D8D6BF16881E8400EB5BB4 /* GBItemService.m */,
			);
			name = services;
			path = src/services;
			sourceTree = "<group>";
		};
		E29DCD4A1681991A00A6A900 /* external */ = {
			isa = PBXGroup;
			children = (
				E29DCD7516819F1700A6A900 /* Reachability.h */,
				E29DCD7616819F1700A6A900 /* Reachability.m */,
				E29DCD4B1681991A00A6A900 /* ASI */,
			);
			name = external;
			path = src/external;
			sourceTree = "<group>";
		};
		E29DCD4B1681991A00A6A900 /* ASI */ = {
			isa = PBXGroup;
			children = (
				E29DCD4C1681991A00A6A900 /* ASIAuthenticationDialog.h */,
				E29DCD4D1681991A00A6A900 /* ASIAuthenticationDialog.m */,
				E29DCD4E1681991A00A6A900 /* ASICacheDelegate.h */,
				E29DCD4F1681991A00A6A900 /* ASIDataCompressor.h */,
				E29DCD501681991A00A6A900 /* ASIDataCompressor.m */,
				E29DCD511681991A00A6A900 /* ASIDataDecompressor.h */,
				E29DCD521681991A00A6A900 /* ASIDataDecompressor.m */,
				E29DCD531681991A00A6A900 /* ASIDownloadCache.h */,
				E29DCD541681991A00A6A900 /* ASIDownloadCache.m */,
				E29DCD551681991A00A6A900 /* ASIFormDataRequest.h */,
				E29DCD561681991A00A6A900 /* ASIFormDataRequest.m */,
				E29DCD571681991A00A6A900 /* ASIHTTPRequest.h */,
				E29DCD581681991A00A6A900 /* ASIHTTPRequest.m */,
				E29DCD591681991A00A6A900 /* ASIHTTPRequestConfig.h */,
				E29DCD5A1681991A00A6A900 /* ASIHTTPRequestDelegate.h */,
				E29DCD5B1681991A00A6A900 /* ASIInputStream.h */,
				E29DCD5C1681991A00A6A900 /* ASIInputStream.m */,
				E29DCD5D1681991A00A6A900 /* ASINetworkQueue.h */,
				E29DCD5E1681991A00A6A900 /* ASINetworkQueue.m */,
				E29DCD5F1681991A00A6A900 /* ASIProgressDelegate.h */,
			);
			path = ASI;
			sourceTree = "<group>";
		};
		E2D198DD16817E5C00870E45 = {
			isa = PBXGroup;
			children = (
				E2D198F416817E5C00870E45 /* gleebox */,
				E2D1991616817E5D00870E45 /* gleeboxTests */,
				E2D198EB16817E5C00870E45 /* Frameworks */,
				E2D198E916817E5C00870E45 /* Products */,
			);
			sourceTree = "<group>";
		};
		E2D198E916817E5C00870E45 /* Products */ = {
			isa = PBXGroup;
			children = (
				E2D198E816817E5C00870E45 /* gleebox.app */,
				E2D1990E16817E5D00870E45 /* gleeboxTests.octest */,
			);
			name = Products;
			sourceTree = "<group>";
		};
		E2D198EB16817E5C00870E45 /* Frameworks */ = {
			isa = PBXGroup;
			children = (
				E29DCD8E1681A58400A6A900 /* FacebookSDKResources.bundle */,
				E29DCD8C1681A57100A6A900 /* FacebookSDK.framework */,
				E29DCD811681A07600A6A900 /* libsqlite3.0.dylib */,
				E29DCD7B1681A02300A6A900 /* Accounts.framework */,
				E29DCD7C1681A02300A6A900 /* AdSupport.framework */,
				E29DCD7D1681A02300A6A900 /* Social.framework */,
				E29DCD701681997200A6A900 /* libz.dylib */,
				E29DCD7816819F9200A6A900 /* SystemConfiguration.framework */,
				E29DCD681681995000A6A900 /* CFNetwork.framework */,
				E29DCD6A1681995000A6A900 /* MobileCoreServices.framework */,
				E2D198EC16817E5C00870E45 /* UIKit.framework */,
				E2D198EE16817E5C00870E45 /* Foundation.framework */,
				E2D198F016817E5C00870E45 /* CoreGraphics.framework */,
				E2D198F216817E5C00870E45 /* CoreData.framework */,
				E2D1990F16817E5D00870E45 /* SenTestingKit.framework */,
			);
			name = Frameworks;
			sourceTree = "<group>";
		};
		E2D198F416817E5C00870E45 /* gleebox */ = {
			isa = PBXGroup;
			children = (
				E29DCD431681908B00A6A900 /* bin */,
				E2D198FD16817E5C00870E45 /* GBAppDelegate.h */,
				E2D198FE16817E5D00870E45 /* GBAppDelegate.m */,
				E2D1990616817E5D00870E45 /* gleebox.xcdatamodeld */,
				E2D198F516817E5C00870E45 /* Supporting Files */,
				E29DCD4216818FBE00A6A900 /* src */,
			);
			path = gleebox;
			sourceTree = "<group>";
		};
		E2D198F516817E5C00870E45 /* Supporting Files */ = {
			isa = PBXGroup;
			children = (
				E2D198F616817E5C00870E45 /* gleebox-Info.plist */,
				E2D198F716817E5C00870E45 /* InfoPlist.strings */,
				E2D198FA16817E5C00870E45 /* main.m */,
				E2D198FC16817E5C00870E45 /* gleebox-Prefix.pch */,
				E2D1990016817E5D00870E45 /* Default.png */,
				E2D1990216817E5D00870E45 /* Default@2x.png */,
				E2D1990416817E5D00870E45 /* Default-568h@2x.png */,
			);
			name = "Supporting Files";
			sourceTree = "<group>";
		};
		E2D1991616817E5D00870E45 /* gleeboxTests */ = {
			isa = PBXGroup;
			children = (
				E2D1991C16817E5D00870E45 /* gleeboxTests.h */,
				E2D1991D16817E5D00870E45 /* gleeboxTests.m */,
				E2D1991716817E5D00870E45 /* Supporting Files */,
			);
			path = gleeboxTests;
			sourceTree = "<group>";
		};
		E2D1991716817E5D00870E45 /* Supporting Files */ = {
			isa = PBXGroup;
			children = (
				E2D1991816817E5D00870E45 /* gleeboxTests-Info.plist */,
				E2D1991916817E5D00870E45 /* InfoPlist.strings */,
			);
			name = "Supporting Files";
			sourceTree = "<group>";
		};
		E2D8D6A81687D72A00EB5BB4 /* ui */ = {
			isa = PBXGroup;
			children = (
				E2D8D6B7168816D800EB5BB4 /* component */,
				E2D8D6A91687D75500EB5BB4 /* GBView.h */,
				E2D8D6AA1687D75500EB5BB4 /* GBView.m */,
				E2D8D6AC1687D76500EB5BB4 /* GBItemView.h */,
				E2D8D6AD1687D76500EB5BB4 /* GBItemView.m */,
				E2D8D6C11688EBBB00EB5BB4 /* GBItemDetailedViewController.h */,
				E2D8D6C21688EBBB00EB5BB4 /* GBItemDetailedViewController.m */,
				E2D8D6C31688EBBC00EB5BB4 /* GBItemDetailedViewController.xib */,
			);
			name = ui;
			path = src/ui;
			sourceTree = "<group>";
		};
		E2D8D6AF1687DA1C00EB5BB4 /* data */ = {
			isa = PBXGroup;
			children = (
				E2D8D6B01687DA2A00EB5BB4 /* GBItem.h */,
				E2D8D6B11687DA2A00EB5BB4 /* GBItem.m */,
			);
			name = data;
			path = src/data;
			sourceTree = "<group>";
		};
		E2D8D6B7168816D800EB5BB4 /* component */ = {
			isa = PBXGroup;
			children = (
				E2D8D6BB1688171800EB5BB4 /* GBURLImageView.h */,
				E2D8D6BC1688171800EB5BB4 /* GBURLImageView.m */,
				E2D8D6C6168948DA00EB5BB4 /* GBPullToRefreshScrollView.h */,
				E2D8D6C7168948DA00EB5BB4 /* GBPullToRefreshScrollView.m */,
			);
			path = component;
			sourceTree = "<group>";
		};
/* End PBXGroup section */

/* Begin PBXNativeTarget section */
		E2D198E716817E5C00870E45 /* gleebox */ = {
			isa = PBXNativeTarget;
			buildConfigurationList = E2D1992116817E5D00870E45 /* Build configuration list for PBXNativeTarget "gleebox" */;
			buildPhases = (
				E2D198E416817E5C00870E45 /* Sources */,
				E2D198E516817E5C00870E45 /* Frameworks */,
				E2D198E616817E5C00870E45 /* Resources */,
			);
			buildRules = (
			);
			dependencies = (
			);
			name = gleebox;
			productName = gleebox;
			productReference = E2D198E816817E5C00870E45 /* gleebox.app */;
			productType = "com.apple.product-type.application";
		};
		E2D1990D16817E5D00870E45 /* gleeboxTests */ = {
			isa = PBXNativeTarget;
			buildConfigurationList = E2D1992416817E5D00870E45 /* Build configuration list for PBXNativeTarget "gleeboxTests" */;
			buildPhases = (
				E2D1990916817E5D00870E45 /* Sources */,
				E2D1990A16817E5D00870E45 /* Frameworks */,
				E2D1990B16817E5D00870E45 /* Resources */,
				E2D1990C16817E5D00870E45 /* ShellScript */,
			);
			buildRules = (
			);
			dependencies = (
				E2D1991516817E5D00870E45 /* PBXTargetDependency */,
			);
			name = gleeboxTests;
			productName = gleeboxTests;
			productReference = E2D1990E16817E5D00870E45 /* gleeboxTests.octest */;
			productType = "com.apple.product-type.bundle";
		};
/* End PBXNativeTarget section */

/* Begin PBXProject section */
		E2D198DF16817E5C00870E45 /* Project object */ = {
			isa = PBXProject;
			attributes = {
				CLASSPREFIX = GB;
				LastUpgradeCheck = 0450;
				ORGANIZATIONNAME = tom;
			};
			buildConfigurationList = E2D198E216817E5C00870E45 /* Build configuration list for PBXProject "gleebox" */;
			compatibilityVersion = "Xcode 3.2";
			developmentRegion = English;
			hasScannedForEncodings = 0;
			knownRegions = (
				en,
			);
			mainGroup = E2D198DD16817E5C00870E45;
			productRefGroup = E2D198E916817E5C00870E45 /* Products */;
			projectDirPath = "";
			projectRoot = "";
			targets = (
				E2D198E716817E5C00870E45 /* gleebox */,
				E2D1990D16817E5D00870E45 /* gleeboxTests */,
			);
		};
/* End PBXProject section */

/* Begin PBXResourcesBuildPhase section */
		E2D198E616817E5C00870E45 /* Resources */ = {
			isa = PBXResourcesBuildPhase;
			buildActionMask = 2147483647;
			files = (
				E2D198F916817E5C00870E45 /* InfoPlist.strings in Resources */,
				E2D1990116817E5D00870E45 /* Default.png in Resources */,
				E2D1990316817E5D00870E45 /* Default@2x.png in Resources */,
				E2D1990516817E5D00870E45 /* Default-568h@2x.png in Resources */,
				E29DCD4116818FAE00A6A900 /* GBLoginViewController.xib in Resources */,
				E29DCD451681908B00A6A900 /* facebook-connect-button.png in Resources */,
				E29DCD871681A21F00A6A900 /* GBRootViewController.xib in Resources */,
				E29DCD8F1681A58400A6A900 /* FacebookSDKResources.bundle in Resources */,
				E2D8D69D1687C8FB00EB5BB4 /* GBBrowseViewController.xib in Resources */,
				E2D8D6A21687D1BD00EB5BB4 /* GBShareViewController.xib in Resources */,
				E2D8D6A71687D61700EB5BB4 /* GBFavsViewController.xib in Resources */,
				E2D8D6C51688EBBC00EB5BB4 /* GBItemDetailedViewController.xib in Resources */,
				E2D8D6CC16894A0E00EB5BB4 /* arrow.png in Resources */,
			);
			runOnlyForDeploymentPostprocessing = 0;
		};
		E2D1990B16817E5D00870E45 /* Resources */ = {
			isa = PBXResourcesBuildPhase;
			buildActionMask = 2147483647;
			files = (
				E2D1991B16817E5D00870E45 /* InfoPlist.strings in Resources */,
			);
			runOnlyForDeploymentPostprocessing = 0;
		};
/* End PBXResourcesBuildPhase section */

/* Begin PBXShellScriptBuildPhase section */
		E2D1990C16817E5D00870E45 /* ShellScript */ = {
			isa = PBXShellScriptBuildPhase;
			buildActionMask = 2147483647;
			files = (
			);
			inputPaths = (
			);
			outputPaths = (
			);
			runOnlyForDeploymentPostprocessing = 0;
			shellPath = /bin/sh;
			shellScript = "# Run the unit tests in this test bundle.\n\"${SYSTEM_DEVELOPER_DIR}/Tools/RunUnitTests\"\n";
		};
/* End PBXShellScriptBuildPhase section */

/* Begin PBXSourcesBuildPhase section */
		E2D198E416817E5C00870E45 /* Sources */ = {
			isa = PBXSourcesBuildPhase;
			buildActionMask = 2147483647;
			files = (
				E2D198FB16817E5C00870E45 /* main.m in Sources */,
				E2D198FF16817E5D00870E45 /* GBAppDelegate.m in Sources */,
				E2D1990816817E5D00870E45 /* gleebox.xcdatamodeld in Sources */,
				E29DCD4016818FAE00A6A900 /* GBLoginViewController.m in Sources */,
				E29DCD491681938000A6A900 /* GBUserService.m in Sources */,
				E29DCD601681991A00A6A900 /* ASIAuthenticationDialog.m in Sources */,
				E29DCD611681991A00A6A900 /* ASIDataCompressor.m in Sources */,
				E29DCD621681991A00A6A900 /* ASIDataDecompressor.m in Sources */,
				E29DCD631681991A00A6A900 /* ASIDownloadCache.m in Sources */,
				E29DCD641681991A00A6A900 /* ASIFormDataRequest.m in Sources */,
				E29DCD651681991A00A6A900 /* ASIHTTPRequest.m in Sources */,
				E29DCD661681991A00A6A900 /* ASIInputStream.m in Sources */,
				E29DCD671681991A00A6A900 /* ASINetworkQueue.m in Sources */,
				E29DCD74168199D000A6A900 /* GBAPI.m in Sources */,
				E29DCD7716819F1700A6A900 /* Reachability.m in Sources */,
				E29DCD861681A21F00A6A900 /* GBRootViewController.m in Sources */,
				E2D8D69C1687C8FB00EB5BB4 /* GBBrowseViewController.m in Sources */,
				E2D8D6A11687D1BD00EB5BB4 /* GBShareViewController.m in Sources */,
				E2D8D6A61687D61700EB5BB4 /* GBFavsViewController.m in Sources */,
				E2D8D6AB1687D75500EB5BB4 /* GBView.m in Sources */,
				E2D8D6AE1687D76500EB5BB4 /* GBItemView.m in Sources */,
				E2D8D6B21687DA2A00EB5BB4 /* GBItem.m in Sources */,
				E2D8D6BD1688171800EB5BB4 /* GBURLImageView.m in Sources */,
				E2D8D6C016881E8400EB5BB4 /* GBItemService.m in Sources */,
				E2D8D6C41688EBBC00EB5BB4 /* GBItemDetailedViewController.m in Sources */,
				E2D8D6C8168948DA00EB5BB4 /* GBPullToRefreshScrollView.m in Sources */,
			);
			runOnlyForDeploymentPostprocessing = 0;
		};
		E2D1990916817E5D00870E45 /* Sources */ = {
			isa = PBXSourcesBuildPhase;
			buildActionMask = 2147483647;
			files = (
				E2D1991E16817E5D00870E45 /* gleeboxTests.m in Sources */,
			);
			runOnlyForDeploymentPostprocessing = 0;
		};
/* End PBXSourcesBuildPhase section */

/* Begin PBXTargetDependency section */
		E2D1991516817E5D00870E45 /* PBXTargetDependency */ = {
			isa = PBXTargetDependency;
			target = E2D198E716817E5C00870E45 /* gleebox */;
			targetProxy = E2D1991416817E5D00870E45 /* PBXContainerItemProxy */;
		};
/* End PBXTargetDependency section */

/* Begin PBXVariantGroup section */
		E2D198F716817E5C00870E45 /* InfoPlist.strings */ = {
			isa = PBXVariantGroup;
			children = (
				E2D198F816817E5C00870E45 /* en */,
			);
			name = InfoPlist.strings;
			sourceTree = "<group>";
		};
		E2D1991916817E5D00870E45 /* InfoPlist.strings */ = {
			isa = PBXVariantGroup;
			children = (
				E2D1991A16817E5D00870E45 /* en */,
			);
			name = InfoPlist.strings;
			sourceTree = "<group>";
		};
/* End PBXVariantGroup section */

/* Begin XCBuildConfiguration section */
		E2D1991F16817E5D00870E45 /* Debug */ = {
			isa = XCBuildConfiguration;
			buildSettings = {
				ALWAYS_SEARCH_USER_PATHS = NO;
				CLANG_CXX_LANGUAGE_STANDARD = "gnu++0x";
				CLANG_CXX_LIBRARY = "libc++";
				CLANG_ENABLE_OBJC_ARC = YES;
				CLANG_WARN_EMPTY_BODY = YES;
				CLANG_WARN__DUPLICATE_METHOD_MATCH = YES;
				"CODE_SIGN_IDENTITY[sdk=iphoneos*]" = "iPhone Developer";
				COPY_PHASE_STRIP = NO;
				GCC_C_LANGUAGE_STANDARD = gnu99;
				GCC_DYNAMIC_NO_PIC = NO;
				GCC_OPTIMIZATION_LEVEL = 0;
				GCC_PREPROCESSOR_DEFINITIONS = (
					"DEBUG=1",
					"$(inherited)",
				);
				GCC_SYMBOLS_PRIVATE_EXTERN = NO;
				GCC_WARN_ABOUT_RETURN_TYPE = YES;
				GCC_WARN_UNINITIALIZED_AUTOS = YES;
				GCC_WARN_UNUSED_VARIABLE = YES;
				IPHONEOS_DEPLOYMENT_TARGET = 6.0;
				ONLY_ACTIVE_ARCH = YES;
				SDKROOT = iphoneos;
				TARGETED_DEVICE_FAMILY = "1,2";
			};
			name = Debug;
		};
		E2D1992016817E5D00870E45 /* Release */ = {
			isa = XCBuildConfiguration;
			buildSettings = {
				ALWAYS_SEARCH_USER_PATHS = NO;
				CLANG_CXX_LANGUAGE_STANDARD = "gnu++0x";
				CLANG_CXX_LIBRARY = "libc++";
				CLANG_ENABLE_OBJC_ARC = YES;
				CLANG_WARN_EMPTY_BODY = YES;
				CLANG_WARN__DUPLICATE_METHOD_MATCH = YES;
				"CODE_SIGN_IDENTITY[sdk=iphoneos*]" = "iPhone Developer";
				COPY_PHASE_STRIP = YES;
				GCC_C_LANGUAGE_STANDARD = gnu99;
				GCC_WARN_ABOUT_RETURN_TYPE = YES;
				GCC_WARN_UNINITIALIZED_AUTOS = YES;
				GCC_WARN_UNUSED_VARIABLE = YES;
				IPHONEOS_DEPLOYMENT_TARGET = 6.0;
				OTHER_CFLAGS = "-DNS_BLOCK_ASSERTIONS=1";
				SDKROOT = iphoneos;
				TARGETED_DEVICE_FAMILY = "1,2";
				VALIDATE_PRODUCT = YES;
			};
			name = Release;
		};
		E2D1992216817E5D00870E45 /* Debug */ = {
			isa = XCBuildConfiguration;
			buildSettings = {
				FRAMEWORK_SEARCH_PATHS = (
					"$(inherited)",
					"\"$(SRCROOT)/../Documents/FacebookSDK\"",
				);
				GCC_PRECOMPILE_PREFIX_HEADER = YES;
				GCC_PREFIX_HEADER = "gleebox/gleebox-Prefix.pch";
				INFOPLIST_FILE = "gleebox/gleebox-Info.plist";
				IPHONEOS_DEPLOYMENT_TARGET = 5.0;
				PRODUCT_NAME = "$(TARGET_NAME)";
				WRAPPER_EXTENSION = app;
			};
			name = Debug;
		};
		E2D1992316817E5D00870E45 /* Release */ = {
			isa = XCBuildConfiguration;
			buildSettings = {
				FRAMEWORK_SEARCH_PATHS = (
					"$(inherited)",
					"\"$(SRCROOT)/../Documents/FacebookSDK\"",
				);
				GCC_PRECOMPILE_PREFIX_HEADER = YES;
				GCC_PREFIX_HEADER = "gleebox/gleebox-Prefix.pch";
				INFOPLIST_FILE = "gleebox/gleebox-Info.plist";
				IPHONEOS_DEPLOYMENT_TARGET = 5.0;
				PRODUCT_NAME = "$(TARGET_NAME)";
				WRAPPER_EXTENSION = app;
			};
			name = Release;
		};
		E2D1992516817E5D00870E45 /* Debug */ = {
			isa = XCBuildConfiguration;
			buildSettings = {
				BUNDLE_LOADER = "$(BUILT_PRODUCTS_DIR)/gleebox.app/gleebox";
				FRAMEWORK_SEARCH_PATHS = (
					"\"$(SDKROOT)/Developer/Library/Frameworks\"",
					"\"$(DEVELOPER_LIBRARY_DIR)/Frameworks\"",
				);
				GCC_PRECOMPILE_PREFIX_HEADER = YES;
				GCC_PREFIX_HEADER = "gleebox/gleebox-Prefix.pch";
				INFOPLIST_FILE = "gleeboxTests/gleeboxTests-Info.plist";
				PRODUCT_NAME = "$(TARGET_NAME)";
				TEST_HOST = "$(BUNDLE_LOADER)";
				WRAPPER_EXTENSION = octest;
			};
			name = Debug;
		};
		E2D1992616817E5D00870E45 /* Release */ = {
			isa = XCBuildConfiguration;
			buildSettings = {
				BUNDLE_LOADER = "$(BUILT_PRODUCTS_DIR)/gleebox.app/gleebox";
				FRAMEWORK_SEARCH_PATHS = (
					"\"$(SDKROOT)/Developer/Library/Frameworks\"",
					"\"$(DEVELOPER_LIBRARY_DIR)/Frameworks\"",
				);
				GCC_PRECOMPILE_PREFIX_HEADER = YES;
				GCC_PREFIX_HEADER = "gleebox/gleebox-Prefix.pch";
				INFOPLIST_FILE = "gleeboxTests/gleeboxTests-Info.plist";
				PRODUCT_NAME = "$(TARGET_NAME)";
				TEST_HOST = "$(BUNDLE_LOADER)";
				WRAPPER_EXTENSION = octest;
			};
			name = Release;
		};
/* End XCBuildConfiguration section */

/* Begin XCConfigurationList section */
		E2D198E216817E5C00870E45 /* Build configuration list for PBXProject "gleebox" */ = {
			isa = XCConfigurationList;
			buildConfigurations = (
				E2D1991F16817E5D00870E45 /* Debug */,
				E2D1992016817E5D00870E45 /* Release */,
			);
			defaultConfigurationIsVisible = 0;
			defaultConfigurationName = Release;
		};
		E2D1992116817E5D00870E45 /* Build configuration list for PBXNativeTarget "gleebox" */ = {
			isa = XCConfigurationList;
			buildConfigurations = (
				E2D1992216817E5D00870E45 /* Debug */,
				E2D1992316817E5D00870E45 /* Release */,
			);
			defaultConfigurationIsVisible = 0;
			defaultConfigurationName = Release;
		};
		E2D1992416817E5D00870E45 /* Build configuration list for PBXNativeTarget "gleeboxTests" */ = {
			isa = XCConfigurationList;
			buildConfigurations = (
				E2D1992516817E5D00870E45 /* Debug */,
				E2D1992616817E5D00870E45 /* Release */,
			);
			defaultConfigurationIsVisible = 0;
			defaultConfigurationName = Release;
		};
/* End XCConfigurationList section */

/* Begin XCVersionGroup section */
		E2D1990616817E5D00870E45 /* gleebox.xcdatamodeld */ = {
			isa = XCVersionGroup;
			children = (
				E2D1990716817E5D00870E45 /* gleebox.xcdatamodel */,
			);
			currentVersion = E2D1990716817E5D00870E45 /* gleebox.xcdatamodel */;
			path = gleebox.xcdatamodeld;
			sourceTree = "<group>";
			versionGroupType = wrapper.xcdatamodel;
		};
/* End XCVersionGroup section */
	};
	rootObject = E2D198DF16817E5C00870E45 /* Project object */;
}
